
Microsoft Visual Studio Solution File, Format Version 12.00
# Visual Studio 15
VisualStudioVersion = 15.0.27703.2035
MinimumVisualStudioVersion = 10.0.40219.1
Project("{2150E333-8FDC-42A3-9474-1A3956D46DE8}") = "src", "src", "{185CE466-B156-45FB-AD25-7C11E87F8850}"
EndProject
Project("{2150E333-8FDC-42A3-9474-1A3956D46DE8}") = "Services", "Services", "{4413FECF-3A46-43A3-AB01-76A1EEFD1680}"
EndProject
Project("{2150E333-8FDC-42A3-9474-1A3956D46DE8}") = "webApp", "webApp", "{59F0ECE1-92B7-46AD-BDD2-86D19B824894}"
EndProject
Project("{9A19103F-16F7-4668-BE54-9A1E7A4F7556}") = "SmartLock.Services.Locking.API", "src\Services\SmartLock.Services.Locking.API\SmartLock.Services.Locking.API.csproj", "{FE0F5B53-E14B-4B90-A892-DA9030FB1D5E}"
EndProject
Project("{E53339B2-1760-4266-BCC7-CA923CBCF16C}") = "docker-compose", "docker-compose.dcproj", "{14095A44-D59C-4A2C-B5C6-4C9F90B3CEA1}"
EndProject
Project("{9A19103F-16F7-4668-BE54-9A1E7A4F7556}") = "SmartLock.Services.AuditLogs.API", "src\Services\SmartLock.Services.AuditLogs\SmartLock.Services.AuditLogs.API.csproj", "{5721EBD6-15FB-4051-8B92-2928F0FC510B}"
EndProject
Project("{9A19103F-16F7-4668-BE54-9A1E7A4F7556}") = "SmartLock.Services.Managment.API", "src\Services\SmartLock.Services.Managment.API\SmartLock.Services.Managment.API.csproj", "{26F11F88-937F-4582-A867-2603E152D48D}"
EndProject
Project("{9A19103F-16F7-4668-BE54-9A1E7A4F7556}") = "WebAppMVC", "src\WebApp\WebAppMVC\WebAppMVC.csproj", "{4B3097A1-AFFF-425D-9E6B-4C6DD27C2873}"
EndProject
Project("{9A19103F-16F7-4668-BE54-9A1E7A4F7556}") = "SmartLock.Services.Identity.API", "src\Services\SmartLock.Services.Identity.API\SmartLock.Services.Identity.API.csproj", "{9E0CE55B-CD72-4D8D-BDA4-1243FA940486}"
EndProject
Project("{2150E333-8FDC-42A3-9474-1A3956D46DE8}") = "Solution Items", "Solution Items", "{1D87E4BD-AC9C-4CF3-9246-3144761E8AF6}"
	ProjectSection(SolutionItems) = preProject
		Local.testsettings = Local.testsettings
		Readme.md = Readme.md
	EndProjectSection
EndProject
Project("{9A19103F-16F7-4668-BE54-9A1E7A4F7556}") = "SmartLock.Services.AccessRight.API", "src\Services\SmartLock.Services.AccessRight\SmartLock.Services.AccessRight.API.csproj", "{A6E9A228-4075-4FDE-932A-326A84665133}"
EndProject
Project("{2150E333-8FDC-42A3-9474-1A3956D46DE8}") = "Test", "Test", "{E4F94F72-BFF1-4A9E-9646-B323B204255A}"
EndProject
Project("{9A19103F-16F7-4668-BE54-9A1E7A4F7556}") = "SmartLock.Services.UnitTest", "Test\SmartLock.Services.UnitTest\SmartLock.Services.UnitTest.csproj", "{63FAB5E9-56EE-4812-8851-EBA904364FC1}"
EndProject
Project("{FAE04EC0-301F-11D3-BF4B-00C04F79EFBC}") = "SmartLock.Services.LoadTest", "Test\SmartLock.Services.LoadTest\SmartLock.Services.LoadTest.csproj", "{45D9328A-3B16-429A-8DA6-F33CD5873C2A}"
EndProject
Project("{2150E333-8FDC-42A3-9474-1A3956D46DE8}") = "Infrastructure", "Infrastructure", "{8092ED71-8882-4900-87D9-90F45BFADA30}"
EndProject
Project("{9A19103F-16F7-4668-BE54-9A1E7A4F7556}") = "SmartLock.MessageBroker", "src\Infrastructure\SmartLock.MessageBroker\SmartLock.MessageBroker.csproj", "{BF6C8914-0FD9-4A44-A14A-ACC858AAAF27}"
EndProject
Project("{9A19103F-16F7-4668-BE54-9A1E7A4F7556}") = "SmartLock.MessageBroker.RabbitMQ", "src\Infrastructure\SmartLock.MessageBroker.RabbitMQ\SmartLock.MessageBroker.RabbitMQ.csproj", "{FD81D842-F9F9-44FC-A1BE-724390E483F1}"
EndProject
Project("{9A19103F-16F7-4668-BE54-9A1E7A4F7556}") = "SmartLock.MessageBroker.Redis", "src\Infrastructure\SmartLock.MessageBroker.Redis\SmartLock.MessageBroker.Redis.csproj", "{283F0E1E-CBEC-4C83-A5FC-05C88007F682}"
EndProject
Global
	GlobalSection(SolutionConfigurationPlatforms) = preSolution
		Debug|Any CPU = Debug|Any CPU
		Release|Any CPU = Release|Any CPU
	EndGlobalSection
	GlobalSection(ProjectConfigurationPlatforms) = postSolution
		{FE0F5B53-E14B-4B90-A892-DA9030FB1D5E}.Debug|Any CPU.ActiveCfg = Debug|Any CPU
		{FE0F5B53-E14B-4B90-A892-DA9030FB1D5E}.Debug|Any CPU.Build.0 = Debug|Any CPU
		{FE0F5B53-E14B-4B90-A892-DA9030FB1D5E}.Release|Any CPU.ActiveCfg = Release|Any CPU
		{FE0F5B53-E14B-4B90-A892-DA9030FB1D5E}.Release|Any CPU.Build.0 = Release|Any CPU
		{14095A44-D59C-4A2C-B5C6-4C9F90B3CEA1}.Debug|Any CPU.ActiveCfg = Debug|Any CPU
		{14095A44-D59C-4A2C-B5C6-4C9F90B3CEA1}.Debug|Any CPU.Build.0 = Debug|Any CPU
		{14095A44-D59C-4A2C-B5C6-4C9F90B3CEA1}.Release|Any CPU.ActiveCfg = Release|Any CPU
		{14095A44-D59C-4A2C-B5C6-4C9F90B3CEA1}.Release|Any CPU.Build.0 = Release|Any CPU
		{5721EBD6-15FB-4051-8B92-2928F0FC510B}.Debug|Any CPU.ActiveCfg = Debug|Any CPU
		{5721EBD6-15FB-4051-8B92-2928F0FC510B}.Debug|Any CPU.Build.0 = Debug|Any CPU
		{5721EBD6-15FB-4051-8B92-2928F0FC510B}.Release|Any CPU.ActiveCfg = Release|Any CPU
		{5721EBD6-15FB-4051-8B92-2928F0FC510B}.Release|Any CPU.Build.0 = Release|Any CPU
		{26F11F88-937F-4582-A867-2603E152D48D}.Debug|Any CPU.ActiveCfg = Debug|Any CPU
		{26F11F88-937F-4582-A867-2603E152D48D}.Debug|Any CPU.Build.0 = Debug|Any CPU
		{26F11F88-937F-4582-A867-2603E152D48D}.Release|Any CPU.ActiveCfg = Release|Any CPU
		{26F11F88-937F-4582-A867-2603E152D48D}.Release|Any CPU.Build.0 = Release|Any CPU
		{4B3097A1-AFFF-425D-9E6B-4C6DD27C2873}.Debug|Any CPU.ActiveCfg = Debug|Any CPU
		{4B3097A1-AFFF-425D-9E6B-4C6DD27C2873}.Debug|Any CPU.Build.0 = Debug|Any CPU
		{4B3097A1-AFFF-425D-9E6B-4C6DD27C2873}.Release|Any CPU.ActiveCfg = Release|Any CPU
		{4B3097A1-AFFF-425D-9E6B-4C6DD27C2873}.Release|Any CPU.Build.0 = Release|Any CPU
		{9E0CE55B-CD72-4D8D-BDA4-1243FA940486}.Debug|Any CPU.ActiveCfg = Debug|Any CPU
		{9E0CE55B-CD72-4D8D-BDA4-1243FA940486}.Debug|Any CPU.Build.0 = Debug|Any CPU
		{9E0CE55B-CD72-4D8D-BDA4-1243FA940486}.Release|Any CPU.ActiveCfg = Release|Any CPU
		{9E0CE55B-CD72-4D8D-BDA4-1243FA940486}.Release|Any CPU.Build.0 = Release|Any CPU
		{A6E9A228-4075-4FDE-932A-326A84665133}.Debug|Any CPU.ActiveCfg = Debug|Any CPU
		{A6E9A228-4075-4FDE-932A-326A84665133}.Debug|Any CPU.Build.0 = Debug|Any CPU
		{A6E9A228-4075-4FDE-932A-326A84665133}.Release|Any CPU.ActiveCfg = Release|Any CPU
		{A6E9A228-4075-4FDE-932A-326A84665133}.Release|Any CPU.Build.0 = Release|Any CPU
		{63FAB5E9-56EE-4812-8851-EBA904364FC1}.Debug|Any CPU.ActiveCfg = Debug|Any CPU
		{63FAB5E9-56EE-4812-8851-EBA904364FC1}.Debug|Any CPU.Build.0 = Debug|Any CPU
		{63FAB5E9-56EE-4812-8851-EBA904364FC1}.Release|Any CPU.ActiveCfg = Release|Any CPU
		{63FAB5E9-56EE-4812-8851-EBA904364FC1}.Release|Any CPU.Build.0 = Release|Any CPU
		{45D9328A-3B16-429A-8DA6-F33CD5873C2A}.Debug|Any CPU.ActiveCfg = Debug|Any CPU
		{45D9328A-3B16-429A-8DA6-F33CD5873C2A}.Debug|Any CPU.Build.0 = Debug|Any CPU
		{45D9328A-3B16-429A-8DA6-F33CD5873C2A}.Release|Any CPU.ActiveCfg = Release|Any CPU
		{45D9328A-3B16-429A-8DA6-F33CD5873C2A}.Release|Any CPU.Build.0 = Release|Any CPU
		{BF6C8914-0FD9-4A44-A14A-ACC858AAAF27}.Debug|Any CPU.ActiveCfg = Debug|Any CPU
		{BF6C8914-0FD9-4A44-A14A-ACC858AAAF27}.Debug|Any CPU.Build.0 = Debug|Any CPU
		{BF6C8914-0FD9-4A44-A14A-ACC858AAAF27}.Release|Any CPU.ActiveCfg = Release|Any CPU
		{BF6C8914-0FD9-4A44-A14A-ACC858AAAF27}.Release|Any CPU.Build.0 = Release|Any CPU
		{FD81D842-F9F9-44FC-A1BE-724390E483F1}.Debug|Any CPU.ActiveCfg = Debug|Any CPU
		{FD81D842-F9F9-44FC-A1BE-724390E483F1}.Debug|Any CPU.Build.0 = Debug|Any CPU
		{FD81D842-F9F9-44FC-A1BE-724390E483F1}.Release|Any CPU.ActiveCfg = Release|Any CPU
		{FD81D842-F9F9-44FC-A1BE-724390E483F1}.Release|Any CPU.Build.0 = Release|Any CPU
		{283F0E1E-CBEC-4C83-A5FC-05C88007F682}.Debug|Any CPU.ActiveCfg = Debug|Any CPU
		{283F0E1E-CBEC-4C83-A5FC-05C88007F682}.Debug|Any CPU.Build.0 = Debug|Any CPU
		{283F0E1E-CBEC-4C83-A5FC-05C88007F682}.Release|Any CPU.ActiveCfg = Release|Any CPU
		{283F0E1E-CBEC-4C83-A5FC-05C88007F682}.Release|Any CPU.Build.0 = Release|Any CPU
	EndGlobalSection
	GlobalSection(SolutionProperties) = preSolution
		HideSolutionNode = FALSE
	EndGlobalSection
	GlobalSection(NestedProjects) = preSolution
		{4413FECF-3A46-43A3-AB01-76A1EEFD1680} = {185CE466-B156-45FB-AD25-7C11E87F8850}
		{59F0ECE1-92B7-46AD-BDD2-86D19B824894} = {185CE466-B156-45FB-AD25-7C11E87F8850}
		{FE0F5B53-E14B-4B90-A892-DA9030FB1D5E} = {4413FECF-3A46-43A3-AB01-76A1EEFD1680}
		{5721EBD6-15FB-4051-8B92-2928F0FC510B} = {4413FECF-3A46-43A3-AB01-76A1EEFD1680}
		{26F11F88-937F-4582-A867-2603E152D48D} = {4413FECF-3A46-43A3-AB01-76A1EEFD1680}
		{4B3097A1-AFFF-425D-9E6B-4C6DD27C2873} = {59F0ECE1-92B7-46AD-BDD2-86D19B824894}
		{9E0CE55B-CD72-4D8D-BDA4-1243FA940486} = {4413FECF-3A46-43A3-AB01-76A1EEFD1680}
		{A6E9A228-4075-4FDE-932A-326A84665133} = {4413FECF-3A46-43A3-AB01-76A1EEFD1680}
		{63FAB5E9-56EE-4812-8851-EBA904364FC1} = {E4F94F72-BFF1-4A9E-9646-B323B204255A}
		{45D9328A-3B16-429A-8DA6-F33CD5873C2A} = {E4F94F72-BFF1-4A9E-9646-B323B204255A}
		{8092ED71-8882-4900-87D9-90F45BFADA30} = {185CE466-B156-45FB-AD25-7C11E87F8850}
		{BF6C8914-0FD9-4A44-A14A-ACC858AAAF27} = {8092ED71-8882-4900-87D9-90F45BFADA30}
		{FD81D842-F9F9-44FC-A1BE-724390E483F1} = {8092ED71-8882-4900-87D9-90F45BFADA30}
		{283F0E1E-CBEC-4C83-A5FC-05C88007F682} = {8092ED71-8882-4900-87D9-90F45BFADA30}
	EndGlobalSection
	GlobalSection(ExtensibilityGlobals) = postSolution
		SolutionGuid = {01782D88-8E81-4F03-A59F-B54664516295}
	EndGlobalSection
EndGlobal
